
Microsoft Visual Studio Solution File, Format Version 12.00
# Visual Studio Version 17
VisualStudioVersion = 17.4.33205.214
MinimumVisualStudioVersion = 10.0.40219.1
Project("{9A19103F-16F7-4668-BE54-9A1E7A4F7556}") = "BTL_ATBM_1", "BTL_ATBM_1\BTL_ATBM_1.csproj", "{8003C5FF-4C87-485B-BE5E-D883677C0C36}"
EndProject
Project("{FAE04EC0-301F-11D3-BF4B-00C04F79EFBC}") = "ConsoleApp1", "ConsoleApp1\ConsoleApp1.csproj", "{90B89D56-FBB4-462E-AC03-04D3BA27E9B2}"
EndProject
Global
	GlobalSection(SolutionConfigurationPlatforms) = preSolution
		Debug|Any CPU = Debug|Any CPU
		Release|Any CPU = Release|Any CPU
	EndGlobalSection
	GlobalSection(ProjectConfigurationPlatforms) = postSolution
		{8003C5FF-4C87-485B-BE5E-D883677C0C36}.Debug|Any CPU.ActiveCfg = Debug|Any CPU
		{8003C5FF-4C87-485B-BE5E-D883677C0C36}.Debug|Any CPU.Build.0 = Debug|Any CPU
		{8003C5FF-4C87-485B-BE5E-D883677C0C36}.Release|Any CPU.ActiveCfg = Release|Any CPU
		{8003C5FF-4C87-485B-BE5E-D883677C0C36}.Release|Any CPU.Build.0 = Release|Any CPU
		{90B89D56-FBB4-462E-AC03-04D3BA27E9B2}.Debug|Any CPU.ActiveCfg = Debug|Any CPU
		{90B89D56-FBB4-462E-AC03-04D3BA27E9B2}.Debug|Any CPU.Build.0 = Debug|Any CPU
		{90B89D56-FBB4-462E-AC03-04D3BA27E9B2}.Release|Any CPU.ActiveCfg = Release|Any CPU
		{90B89D56-FBB4-462E-AC03-04D3BA27E9B2}.Release|Any CPU.Build.0 = Release|Any CPU
	EndGlobalSection
	GlobalSection(SolutionProperties) = preSolution
		HideSolutionNode = FALSE
	EndGlobalSection
	GlobalSection(ExtensibilityGlobals) = postSolution
		SolutionGuid = {156C7494-387A-4B93-A2AA-FB5238DDC353}
	EndGlobalSection
EndGlobal
